// !$*UTF8*$!
{
	archiveVersion = 1;
	classes = {
	};
	objectVersion = 56;
	objects = {

/* Begin PBXBuildFile section */
		11E1893C298D388A00F0A933 /* AppDelegate.swift in Sources */ = {isa = PBXBuildFile; fileRef = 11E1893B298D388A00F0A933 /* AppDelegate.swift */; };
		11E1893E298D388A00F0A933 /* SceneDelegate.swift in Sources */ = {isa = PBXBuildFile; fileRef = 11E1893D298D388A00F0A933 /* SceneDelegate.swift */; };
		11E18940298D388A00F0A933 /* ViewController.swift in Sources */ = {isa = PBXBuildFile; fileRef = 11E1893F298D388A00F0A933 /* ViewController.swift */; };
		11E18943298D388A00F0A933 /* Main.storyboard in Resources */ = {isa = PBXBuildFile; fileRef = 11E18941298D388A00F0A933 /* Main.storyboard */; };
		11E18945298D388B00F0A933 /* Assets.xcassets in Resources */ = {isa = PBXBuildFile; fileRef = 11E18944298D388B00F0A933 /* Assets.xcassets */; };
		11E18948298D388B00F0A933 /* LaunchScreen.storyboard in Resources */ = {isa = PBXBuildFile; fileRef = 11E18946298D388B00F0A933 /* LaunchScreen.storyboard */; };
		11E18954298D3CDD00F0A933 /* Answer.swift in Sources */ = {isa = PBXBuildFile; fileRef = 11E18953298D3CDD00F0A933 /* Answer.swift */; };
		11E18956298D3CE500F0A933 /* Question.swift in Sources */ = {isa = PBXBuildFile; fileRef = 11E18955298D3CE500F0A933 /* Question.swift */; };
		11E18958298D3D0A00F0A933 /* QuestionViewController.swift in Sources */ = {isa = PBXBuildFile; fileRef = 11E18957298D3D0A00F0A933 /* QuestionViewController.swift */; };
		11E1895B298D3E0300F0A933 /* img1.jpeg in Resources */ = {isa = PBXBuildFile; fileRef = 11E1895A298D3E0200F0A933 /* img1.jpeg */; };
/* End PBXBuildFile section */

/* Begin PBXFileReference section */
		11E18938298D388A00F0A933 /* TestAnimalPastLife.app */ = {isa = PBXFileReference; explicitFileType = wrapper.application; includeInIndex = 0; path = TestAnimalPastLife.app; sourceTree = BUILT_PRODUCTS_DIR; };
		11E1893B298D388A00F0A933 /* AppDelegate.swift */ = {isa = PBXFileReference; lastKnownFileType = sourcecode.swift; path = AppDelegate.swift; sourceTree = "<group>"; };
		11E1893D298D388A00F0A933 /* SceneDelegate.swift */ = {isa = PBXFileReference; lastKnownFileType = sourcecode.swift; path = SceneDelegate.swift; sourceTree = "<group>"; };
		11E1893F298D388A00F0A933 /* ViewController.swift */ = {isa = PBXFileReference; lastKnownFileType = sourcecode.swift; path = ViewController.swift; sourceTree = "<group>"; };
		11E18942298D388A00F0A933 /* Base */ = {isa = PBXFileReference; lastKnownFileType = file.storyboard; name = Base; path = Base.lproj/Main.storyboard; sourceTree = "<group>"; };
		11E18944298D388B00F0A933 /* Assets.xcassets */ = {isa = PBXFileReference; lastKnownFileType = folder.assetcatalog; path = Assets.xcassets; sourceTree = "<group>"; };
		11E18947298D388B00F0A933 /* Base */ = {isa = PBXFileReference; lastKnownFileType = file.storyboard; name = Base; path = Base.lproj/LaunchScreen.storyboard; sourceTree = "<group>"; };
		11E18949298D388B00F0A933 /* Info.plist */ = {isa = PBXFileReference; lastKnownFileType = text.plist.xml; path = Info.plist; sourceTree = "<group>"; };
		11E18953298D3CDD00F0A933 /* Answer.swift */ = {isa = PBXFileReference; lastKnownFileType = sourcecode.swift; path = Answer.swift; sourceTree = "<group>"; };
		11E18955298D3CE500F0A933 /* Question.swift */ = {isa = PBXFileReference; lastKnownFileType = sourcecode.swift; path = Question.swift; sourceTree = "<group>"; };
		11E18957298D3D0A00F0A933 /* QuestionViewController.swift */ = {isa = PBXFileReference; lastKnownFileType = sourcecode.swift; path = QuestionViewController.swift; sourceTree = "<group>"; };
		11E1895A298D3E0200F0A933 /* img1.jpeg */ = {isa = PBXFileReference; lastKnownFileType = image.jpeg; path = img1.jpeg; sourceTree = "<group>"; };
/* End PBXFileReference section */

/* Begin PBXFrameworksBuildPhase section */
		11E18935298D388A00F0A933 /* Frameworks */ = {
			isa = PBXFrameworksBuildPhase;
			buildActionMask = 2147483647;
			files = (
			);
			runOnlyForDeploymentPostprocessing = 0;
		};
/* End PBXFrameworksBuildPhase section */

/* Begin PBXGroup section */
		11E1892F298D388A00F0A933 = {
			isa = PBXGroup;
			children = (
				11E1893A298D388A00F0A933 /* TestAnimalPastLife */,
				11E18939298D388A00F0A933 /* Products */,
			);
			sourceTree = "<group>";
		};
		11E18939298D388A00F0A933 /* Products */ = {
			isa = PBXGroup;
			children = (
				11E18938298D388A00F0A933 /* TestAnimalPastLife.app */,
			);
			name = Products;
			sourceTree = "<group>";
		};
		11E1893A298D388A00F0A933 /* TestAnimalPastLife */ = {
			isa = PBXGroup;
			children = (
				11E18959298D3DFB00F0A933 /* Images */,
				11E18952298D3CC900F0A933 /* Storyboards */,
				11E18951298D3CC500F0A933 /* Models */,
				11E18950298D3CBD00F0A933 /* View Controllers */,
				11E1894F298D3C7C00F0A933 /* Supporting Files */,
			);
			path = TestAnimalPastLife;
			sourceTree = "<group>";
		};
		11E1894F298D3C7C00F0A933 /* Supporting Files */ = {
			isa = PBXGroup;
			children = (
				11E18944298D388B00F0A933 /* Assets.xcassets */,
				11E1893B298D388A00F0A933 /* AppDelegate.swift */,
				11E1893D298D388A00F0A933 /* SceneDelegate.swift */,
				11E18949298D388B00F0A933 /* Info.plist */,
			);
			path = "Supporting Files";
			sourceTree = "<group>";
		};
		11E18950298D3CBD00F0A933 /* View Controllers */ = {
			isa = PBXGroup;
			children = (
				11E1893F298D388A00F0A933 /* ViewController.swift */,
				11E18957298D3D0A00F0A933 /* QuestionViewController.swift */,
			);
			path = "View Controllers";
			sourceTree = "<group>";
		};
		11E18951298D3CC500F0A933 /* Models */ = {
			isa = PBXGroup;
			children = (
				11E18953298D3CDD00F0A933 /* Answer.swift */,
				11E18955298D3CE500F0A933 /* Question.swift */,
			);
			path = Models;
			sourceTree = "<group>";
		};
		11E18952298D3CC900F0A933 /* Storyboards */ = {
			isa = PBXGroup;
			children = (
				11E18941298D388A00F0A933 /* Main.storyboard */,
				11E18946298D388B00F0A933 /* LaunchScreen.storyboard */,
			);
			path = Storyboards;
			sourceTree = "<group>";
		};
		11E18959298D3DFB00F0A933 /* Images */ = {
			isa = PBXGroup;
			children = (
				11E1895A298D3E0200F0A933 /* img1.jpeg */,
			);
			path = Images;
			sourceTree = "<group>";
		};
/* End PBXGroup section */

/* Begin PBXNativeTarget section */
		11E18937298D388A00F0A933 /* TestAnimalPastLife */ = {
			isa = PBXNativeTarget;
			buildConfigurationList = 11E1894C298D388B00F0A933 /* Build configuration list for PBXNativeTarget "TestAnimalPastLife" */;
			buildPhases = (
				11E18934298D388A00F0A933 /* Sources */,
				11E18935298D388A00F0A933 /* Frameworks */,
				11E18936298D388A00F0A933 /* Resources */,
			);
			buildRules = (
			);
			dependencies = (
			);
			name = TestAnimalPastLife;
			productName = TestAnimalPastLife;
			productReference = 11E18938298D388A00F0A933 /* TestAnimalPastLife.app */;
			productType = "com.apple.product-type.application";
		};
/* End PBXNativeTarget section */

/* Begin PBXProject section */
		11E18930298D388A00F0A933 /* Project object */ = {
			isa = PBXProject;
			attributes = {
				BuildIndependentTargetsInParallel = 1;
				LastSwiftUpdateCheck = 1420;
				LastUpgradeCheck = 1420;
				TargetAttributes = {
					11E18937298D388A00F0A933 = {
						CreatedOnToolsVersion = 14.2;
					};
				};
			};
			buildConfigurationList = 11E18933298D388A00F0A933 /* Build configuration list for PBXProject "TestAnimalPastLife" */;
			compatibilityVersion = "Xcode 14.0";
			developmentRegion = en;
			hasScannedForEncodings = 0;
			knownRegions = (
				en,
				Base,
			);
			mainGroup = 11E1892F298D388A00F0A933;
			productRefGroup = 11E18939298D388A00F0A933 /* Products */;
			projectDirPath = "";
			projectRoot = "";
			targets = (
				11E18937298D388A00F0A933 /* TestAnimalPastLife */,
			);
		};
/* End PBXProject section */

/* Begin PBXResourcesBuildPhase section */
		11E18936298D388A00F0A933 /* Resources */ = {
			isa = PBXResourcesBuildPhase;
			buildActionMask = 2147483647;
			files = (
				11E18948298D388B00F0A933 /* LaunchScreen.storyboard in Resources */,
				11E18945298D388B00F0A933 /* Assets.xcassets in Resources */,
				11E18943298D388A00F0A933 /* Main.storyboard in Resources */,
				11E1895B298D3E0300F0A933 /* img1.jpeg in Resources */,
			);
			runOnlyForDeploymentPostprocessing = 0;
		};
/* End PBXResourcesBuildPhase section */

/* Begin PBXSourcesBuildPhase section */
		11E18934298D388A00F0A933 /* Sources */ = {
			isa = PBXSourcesBuildPhase;
			buildActionMask = 2147483647;
			files = (
				11E18956298D3CE500F0A933 /* Question.swift in Sources */,
				11E18940298D388A00F0A933 /* ViewController.swift in Sources */,
				11E18958298D3D0A00F0A933 /* QuestionViewController.swift in Sources */,
				11E1893C298D388A00F0A933 /* AppDelegate.swift in Sources */,
				11E1893E298D388A00F0A933 /* SceneDelegate.swift in Sources */,
				11E18954298D3CDD00F0A933 /* Answer.swift in Sources */,
			);
			runOnlyForDeploymentPostprocessing = 0;
		};
/* End PBXSourcesBuildPhase section */

/* Begin PBXVariantGroup section */
		11E18941298D388A00F0A933 /* Main.storyboard */ = {
			isa = PBXVariantGroup;
			children = (
				11E18942298D388A00F0A933 /* Base */,
			);
			name = Main.storyboard;
			sourceTree = "<group>";
		};
		11E18946298D388B00F0A933 /* LaunchScreen.storyboard */ = {
			isa = PBXVariantGroup;
			children = (
				11E18947298D388B00F0A933 /* Base */,
			);
			name = LaunchScreen.storyboard;
			sourceTree = "<group>";
		};
/* End PBXVariantGroup section */

/* Begin XCBuildConfiguration section */
		11E1894A298D388B00F0A933 /* Debug */ = {
			isa = XCBuildConfiguration;
			buildSettings = {
				ALWAYS_SEARCH_USER_PATHS = NO;
				CLANG_ANALYZER_NONNULL = YES;
				CLANG_ANALYZER_NUMBER_OBJECT_CONVERSION = YES_AGGRESSIVE;
				CLANG_CXX_LANGUAGE_STANDARD = "gnu++20";
				CLANG_ENABLE_MODULES = YES;
				CLANG_ENABLE_OBJC_ARC = YES;
				CLANG_ENABLE_OBJC_WEAK = YES;
				CLANG_WARN_BLOCK_CAPTURE_AUTORELEASING = YES;
				CLANG_WARN_BOOL_CONVERSION = YES;
				CLANG_WARN_COMMA = YES;
				CLANG_WARN_CONSTANT_CONVERSION = YES;
				CLANG_WARN_DEPRECATED_OBJC_IMPLEMENTATIONS = YES;
				CLANG_WARN_DIRECT_OBJC_ISA_USAGE = YES_ERROR;
				CLANG_WARN_DOCUMENTATION_COMMENTS = YES;
				CLANG_WARN_EMPTY_BODY = YES;
				CLANG_WARN_ENUM_CONVERSION = YES;
				CLANG_WARN_INFINITE_RECURSION = YES;
				CLANG_WARN_INT_CONVERSION = YES;
				CLANG_WARN_NON_LITERAL_NULL_CONVERSION = YES;
				CLANG_WARN_OBJC_IMPLICIT_RETAIN_SELF = YES;
				CLANG_WARN_OBJC_LITERAL_CONVERSION = YES;
				CLANG_WARN_OBJC_ROOT_CLASS = YES_ERROR;
				CLANG_WARN_QUOTED_INCLUDE_IN_FRAMEWORK_HEADER = YES;
				CLANG_WARN_RANGE_LOOP_ANALYSIS = YES;
				CLANG_WARN_STRICT_PROTOTYPES = YES;
				CLANG_WARN_SUSPICIOUS_MOVE = YES;
				CLANG_WARN_UNGUARDED_AVAILABILITY = YES_AGGRESSIVE;
				CLANG_WARN_UNREACHABLE_CODE = YES;
				CLANG_WARN__DUPLICATE_METHOD_MATCH = YES;
				COPY_PHASE_STRIP = NO;
				DEBUG_INFORMATION_FORMAT = dwarf;
				ENABLE_STRICT_OBJC_MSGSEND = YES;
				ENABLE_TESTABILITY = YES;
				GCC_C_LANGUAGE_STANDARD = gnu11;
				GCC_DYNAMIC_NO_PIC = NO;
				GCC_NO_COMMON_BLOCKS = YES;
				GCC_OPTIMIZATION_LEVEL = 0;
				GCC_PREPROCESSOR_DEFINITIONS = (
					"DEBUG=1",
					"$(inherited)",
				);
				GCC_WARN_64_TO_32_BIT_CONVERSION = YES;
				GCC_WARN_ABOUT_RETURN_TYPE = YES_ERROR;
				GCC_WARN_UNDECLARED_SELECTOR = YES;
				GCC_WARN_UNINITIALIZED_AUTOS = YES_AGGRESSIVE;
				GCC_WARN_UNUSED_FUNCTION = YES;
				GCC_WARN_UNUSED_VARIABLE = YES;
				IPHONEOS_DEPLOYMENT_TARGET = 16.2;
				MTL_ENABLE_DEBUG_INFO = INCLUDE_SOURCE;
				MTL_FAST_MATH = YES;
				ONLY_ACTIVE_ARCH = YES;
				SDKROOT = iphoneos;
				SWIFT_ACTIVE_COMPILATION_CONDITIONS = DEBUG;
				SWIFT_OPTIMIZATION_LEVEL = "-Onone";
			};
			name = Debug;
		};
		11E1894B298D388B00F0A933 /* Release */ = {
			isa = XCBuildConfiguration;
			buildSettings = {
				ALWAYS_SEARCH_USER_PATHS = NO;
				CLANG_ANALYZER_NONNULL = YES;
				CLANG_ANALYZER_NUMBER_OBJECT_CONVERSION = YES_AGGRESSIVE;
				CLANG_CXX_LANGUAGE_STANDARD = "gnu++20";
				CLANG_ENABLE_MODULES = YES;
				CLANG_ENABLE_OBJC_ARC = YES;
				CLANG_ENABLE_OBJC_WEAK = YES;
				CLANG_WARN_BLOCK_CAPTURE_AUTORELEASING = YES;
				CLANG_WARN_BOOL_CONVERSION = YES;
				CLANG_WARN_COMMA = YES;
				CLANG_WARN_CONSTANT_CONVERSION = YES;
				CLANG_WARN_DEPRECATED_OBJC_IMPLEMENTATIONS = YES;
				CLANG_WARN_DIRECT_OBJC_ISA_USAGE = YES_ERROR;
				CLANG_WARN_DOCUMENTATION_COMMENTS = YES;
				CLANG_WARN_EMPTY_BODY = YES;
				CLANG_WARN_ENUM_CONVERSION = YES;
				CLANG_WARN_INFINITE_RECURSION = YES;
				CLANG_WARN_INT_CONVERSION = YES;
				CLANG_WARN_NON_LITERAL_NULL_CONVERSION = YES;
				CLANG_WARN_OBJC_IMPLICIT_RETAIN_SELF = YES;
				CLANG_WARN_OBJC_LITERAL_CONVERSION = YES;
				CLANG_WARN_OBJC_ROOT_CLASS = YES_ERROR;
				CLANG_WARN_QUOTED_INCLUDE_IN_FRAMEWORK_HEADER = YES;
				CLANG_WARN_RANGE_LOOP_ANALYSIS = YES;
				CLANG_WARN_STRICT_PROTOTYPES = YES;
				CLANG_WARN_SUSPICIOUS_MOVE = YES;
				CLANG_WARN_UNGUARDED_AVAILABILITY = YES_AGGRESSIVE;
				CLANG_WARN_UNREACHABLE_CODE = YES;
				CLANG_WARN__DUPLICATE_METHOD_MATCH = YES;
				COPY_PHASE_STRIP = NO;
				DEBUG_INFORMATION_FORMAT = "dwarf-with-dsym";
				ENABLE_NS_ASSERTIONS = NO;
				ENABLE_STRICT_OBJC_MSGSEND = YES;
				GCC_C_LANGUAGE_STANDARD = gnu11;
				GCC_NO_COMMON_BLOCKS = YES;
				GCC_WARN_64_TO_32_BIT_CONVERSION = YES;
				GCC_WARN_ABOUT_RETURN_TYPE = YES_ERROR;
				GCC_WARN_UNDECLARED_SELECTOR = YES;
				GCC_WARN_UNINITIALIZED_AUTOS = YES_AGGRESSIVE;
				GCC_WARN_UNUSED_FUNCTION = YES;
				GCC_WARN_UNUSED_VARIABLE = YES;
				IPHONEOS_DEPLOYMENT_TARGET = 16.2;
				MTL_ENABLE_DEBUG_INFO = NO;
				MTL_FAST_MATH = YES;
				SDKROOT = iphoneos;
				SWIFT_COMPILATION_MODE = wholemodule;
				SWIFT_OPTIMIZATION_LEVEL = "-O";
				VALIDATE_PRODUCT = YES;
			};
			name = Release;
		};
		11E1894D298D388B00F0A933 /* Debug */ = {
			isa = XCBuildConfiguration;
			buildSettings = {
				ASSETCATALOG_COMPILER_APPICON_NAME = AppIcon;
				ASSETCATALOG_COMPILER_GLOBAL_ACCENT_COLOR_NAME = AccentColor;
				CODE_SIGN_STYLE = Automatic;
				CURRENT_PROJECT_VERSION = 1;
				DEVELOPMENT_TEAM = 339Z7S98QQ;
				GENERATE_INFOPLIST_FILE = YES;
				INFOPLIST_FILE = "TestAnimalPastLife/Supporting Files/Info.plist";
				INFOPLIST_KEY_UIApplicationSupportsIndirectInputEvents = YES;
				INFOPLIST_KEY_UILaunchStoryboardName = LaunchScreen;
				INFOPLIST_KEY_UIMainStoryboardFile = Main;
				INFOPLIST_KEY_UISupportedInterfaceOrientations = "UIInterfaceOrientationLandscapeRight UIInterfaceOrientationPortrait";
				INFOPLIST_KEY_UISupportedInterfaceOrientations_iPad = "UIInterfaceOrientationLandscapeLeft UIInterfaceOrientationLandscapeRight UIInterfaceOrientationPortrait UIInterfaceOrientationPortraitUpsideDown";
				IPHONEOS_DEPLOYMENT_TARGET = 15.0;
				LD_RUNPATH_SEARCH_PATHS = (
					"$(inherited)",
					"@executable_path/Frameworks",
				);
				MARKETING_VERSION = 1.0;
				PRODUCT_BUNDLE_IDENTIFIER = com.example.TestAnimalPastLife;
				PRODUCT_NAME = "$(TARGET_NAME)";
				SUPPORTED_PLATFORMS = "iphoneos iphonesimulator";
				SUPPORTS_MACCATALYST = NO;
				SUPPORTS_MAC_DESIGNED_FOR_IPHONE_IPAD = NO;
				SWIFT_EMIT_LOC_STRINGS = YES;
				SWIFT_VERSION = 5.0;
				TARGETED_DEVICE_FAMILY = 1;
			};
			name = Debug;
		};
		11E1894E298D388B00F0A933 /* Release */ = {
			isa = XCBuildConfiguration;
			buildSettings = {
				ASSETCATALOG_COMPILER_APPICON_NAME = AppIcon;
				ASSETCATALOG_COMPILER_GLOBAL_ACCENT_COLOR_NAME = AccentColor;
				CODE_SIGN_STYLE = Automatic;
				CURRENT_PROJECT_VERSION = 1;
				DEVELOPMENT_TEAM = 339Z7S98QQ;
				GENERATE_INFOPLIST_FILE = YES;
				INFOPLIST_FILE = "TestAnimalPastLife/Supporting Files/Info.plist";
				INFOPLIST_KEY_UIApplicationSupportsIndirectInputEvents = YES;
				INFOPLIST_KEY_UILaunchStoryboardName = LaunchScreen;
				INFOPLIST_KEY_UIMainStoryboardFile = Main;
				INFOPLIST_KEY_UISupportedInterfaceOrientations = "UIInterfaceOrientationLandscapeRight UIInterfaceOrientationPortrait";
				INFOPLIST_KEY_UISupportedInterfaceOrientations_iPad = "UIInterfaceOrientationLandscapeLeft UIInterfaceOrientationLandscapeRight UIInterfaceOrientationPortrait UIInterfaceOrientationPortraitUpsideDown";
				IPHONEOS_DEPLOYMENT_TARGET = 15.0;
				LD_RUNPATH_SEARCH_PATHS = (
					"$(inherited)",
					"@executable_path/Frameworks",
				);
				MARKETING_VERSION = 1.0;
				PRODUCT_BUNDLE_IDENTIFIER = com.example.TestAnimalPastLife;
				PRODUCT_NAME = "$(TARGET_NAME)";
				SUPPORTED_PLATFORMS = "iphoneos iphonesimulator";
				SUPPORTS_MACCATALYST = NO;
				SUPPORTS_MAC_DESIGNED_FOR_IPHONE_IPAD = NO;
				SWIFT_EMIT_LOC_STRINGS = YES;
				SWIFT_VERSION = 5.0;
				TARGETED_DEVICE_FAMILY = 1;
			};
			name = Release;
		};
/* End XCBuildConfiguration section */

/* Begin XCConfigurationList section */
		11E18933298D388A00F0A933 /* Build configuration list for PBXProject "TestAnimalPastLife" */ = {
			isa = XCConfigurationList;
			buildConfigurations = (
				11E1894A298D388B00F0A933 /* Debug */,
				11E1894B298D388B00F0A933 /* Release */,
			);
			defaultConfigurationIsVisible = 0;
			defaultConfigurationName = Release;
		};
		11E1894C298D388B00F0A933 /* Build configuration list for PBXNativeTarget "TestAnimalPastLife" */ = {
			isa = XCConfigurationList;
			buildConfigurations = (
				11E1894D298D388B00F0A933 /* Debug */,
				11E1894E298D388B00F0A933 /* Release */,
			);
			defaultConfigurationIsVisible = 0;
			defaultConfigurationName = Release;
		};
/* End XCConfigurationList section */
	};
	rootObject = 11E18930298D388A00F0A933 /* Project object */;
}
